
Microsoft Visual Studio Solution File, Format Version 12.00
# Visual Studio Version 17
VisualStudioVersion = 17.14.36301.6 d17.14
MinimumVisualStudioVersion = 10.0.40219.1
Project("{FAE04EC0-301F-11D3-BF4B-00C04F79EFBC}") = "ObHavoBot.Api", "ObHavoBot.Api\ObHavoBot.Api.csproj", "{5202EF5E-A3C7-47CF-8BA4-E39F88A61D63}"
EndProject
Global
	GlobalSection(SolutionConfigurationPlatforms) = preSolution
		Debug|Any CPU = Debug|Any CPU
		Release|Any CPU = Release|Any CPU
	EndGlobalSection
	GlobalSection(ProjectConfigurationPlatforms) = postSolution
		{5202EF5E-A3C7-47CF-8BA4-E39F88A61D63}.Debug|Any CPU.ActiveCfg = Debug|Any CPU
		{5202EF5E-A3C7-47CF-8BA4-E39F88A61D63}.Debug|Any CPU.Build.0 = Debug|Any CPU
		{5202EF5E-A3C7-47CF-8BA4-E39F88A61D63}.Release|Any CPU.ActiveCfg = Release|Any CPU
		{5202EF5E-A3C7-47CF-8BA4-E39F88A61D63}.Release|Any CPU.Build.0 = Release|Any CPU
	EndGlobalSection
	GlobalSection(SolutionProperties) = preSolution
		HideSolutionNode = FALSE
	EndGlobalSection
	GlobalSection(ExtensibilityGlobals) = postSolution
		SolutionGuid = {6CB0E123-5A85-43EA-AE2A-F7D90EA44B96}
	EndGlobalSection
EndGlobal
